// !$*UTF8*$!
{
	archiveVersion = 1;
	classes = {
	};
	objectVersion = 50;
	objects = {

/* Begin PBXBuildFile section */
		1CD64744237FA20700FB389E /* AppDelegate.swift in Sources */ = {isa = PBXBuildFile; fileRef = 1CD64743237FA20700FB389E /* AppDelegate.swift */; };
		1CD64746237FA20700FB389E /* SceneDelegate.swift in Sources */ = {isa = PBXBuildFile; fileRef = 1CD64745237FA20700FB389E /* SceneDelegate.swift */; };
		1CD64748237FA20700FB389E /* ContentView.swift in Sources */ = {isa = PBXBuildFile; fileRef = 1CD64747237FA20700FB389E /* ContentView.swift */; };
		1CD6474A237FA20800FB389E /* Assets.xcassets in Resources */ = {isa = PBXBuildFile; fileRef = 1CD64749237FA20800FB389E /* Assets.xcassets */; };
		1CD6474D237FA20800FB389E /* Preview Assets.xcassets in Resources */ = {isa = PBXBuildFile; fileRef = 1CD6474C237FA20800FB389E /* Preview Assets.xcassets */; };
		1CD64750237FA20800FB389E /* LaunchScreen.storyboard in Resources */ = {isa = PBXBuildFile; fileRef = 1CD6474E237FA20800FB389E /* LaunchScreen.storyboard */; };
		1CD6475B237FA20800FB389E /* Musical_JournalTests.swift in Sources */ = {isa = PBXBuildFile; fileRef = 1CD6475A237FA20800FB389E /* Musical_JournalTests.swift */; };
		1CD64766237FA20800FB389E /* Musical_JournalUITests.swift in Sources */ = {isa = PBXBuildFile; fileRef = 1CD64765237FA20800FB389E /* Musical_JournalUITests.swift */; };
/* End PBXBuildFile section */

/* Begin PBXContainerItemProxy section */
		1CD64757237FA20800FB389E /* PBXContainerItemProxy */ = {
			isa = PBXContainerItemProxy;
			containerPortal = 1CD64738237FA20700FB389E /* Project object */;
			proxyType = 1;
			remoteGlobalIDString = 1CD6473F237FA20700FB389E;
			remoteInfo = "Musical Journal";
		};
		1CD64762237FA20800FB389E /* PBXContainerItemProxy */ = {
			isa = PBXContainerItemProxy;
			containerPortal = 1CD64738237FA20700FB389E /* Project object */;
			proxyType = 1;
			remoteGlobalIDString = 1CD6473F237FA20700FB389E;
			remoteInfo = "Musical Journal";
		};
/* End PBXContainerItemProxy section */

/* Begin PBXFileReference section */
		1CD64740237FA20700FB389E /* Musical Journal.app */ = {isa = PBXFileReference; explicitFileType = wrapper.application; includeInIndex = 0; path = "Musical Journal.app"; sourceTree = BUILT_PRODUCTS_DIR; };
		1CD64743237FA20700FB389E /* AppDelegate.swift */ = {isa = PBXFileReference; lastKnownFileType = sourcecode.swift; path = AppDelegate.swift; sourceTree = "<group>"; };
		1CD64745237FA20700FB389E /* SceneDelegate.swift */ = {isa = PBXFileReference; lastKnownFileType = sourcecode.swift; path = SceneDelegate.swift; sourceTree = "<group>"; };
		1CD64747237FA20700FB389E /* ContentView.swift */ = {isa = PBXFileReference; lastKnownFileType = sourcecode.swift; path = ContentView.swift; sourceTree = "<group>"; };
		1CD64749237FA20800FB389E /* Assets.xcassets */ = {isa = PBXFileReference; lastKnownFileType = folder.assetcatalog; path = Assets.xcassets; sourceTree = "<group>"; };
		1CD6474C237FA20800FB389E /* Preview Assets.xcassets */ = {isa = PBXFileReference; lastKnownFileType = folder.assetcatalog; path = "Preview Assets.xcassets"; sourceTree = "<group>"; };
		1CD6474F237FA20800FB389E /* Base */ = {isa = PBXFileReference; lastKnownFileType = file.storyboard; name = Base; path = Base.lproj/LaunchScreen.storyboard; sourceTree = "<group>"; };
		1CD64751237FA20800FB389E /* Info.plist */ = {isa = PBXFileReference; lastKnownFileType = text.plist.xml; path = Info.plist; sourceTree = "<group>"; };
		1CD64756237FA20800FB389E /* Musical JournalTests.xctest */ = {isa = PBXFileReference; explicitFileType = wrapper.cfbundle; includeInIndex = 0; path = "Musical JournalTests.xctest"; sourceTree = BUILT_PRODUCTS_DIR; };
		1CD6475A237FA20800FB389E /* Musical_JournalTests.swift */ = {isa = PBXFileReference; lastKnownFileType = sourcecode.swift; path = Musical_JournalTests.swift; sourceTree = "<group>"; };
		1CD6475C237FA20800FB389E /* Info.plist */ = {isa = PBXFileReference; lastKnownFileType = text.plist.xml; path = Info.plist; sourceTree = "<group>"; };
		1CD64761237FA20800FB389E /* Musical JournalUITests.xctest */ = {isa = PBXFileReference; explicitFileType = wrapper.cfbundle; includeInIndex = 0; path = "Musical JournalUITests.xctest"; sourceTree = BUILT_PRODUCTS_DIR; };
		1CD64765237FA20800FB389E /* Musical_JournalUITests.swift */ = {isa = PBXFileReference; lastKnownFileType = sourcecode.swift; path = Musical_JournalUITests.swift; sourceTree = "<group>"; };
		1CD64767237FA20800FB389E /* Info.plist */ = {isa = PBXFileReference; lastKnownFileType = text.plist.xml; path = Info.plist; sourceTree = "<group>"; };
/* End PBXFileReference section */

/* Begin PBXFrameworksBuildPhase section */
		1CD6473D237FA20700FB389E /* Frameworks */ = {
			isa = PBXFrameworksBuildPhase;
			buildActionMask = 2147483647;
			files = (
			);
			runOnlyForDeploymentPostprocessing = 0;
		};
		1CD64753237FA20800FB389E /* Frameworks */ = {
			isa = PBXFrameworksBuildPhase;
			buildActionMask = 2147483647;
			files = (
			);
			runOnlyForDeploymentPostprocessing = 0;
		};
		1CD6475E237FA20800FB389E /* Frameworks */ = {
			isa = PBXFrameworksBuildPhase;
			buildActionMask = 2147483647;
			files = (
			);
			runOnlyForDeploymentPostprocessing = 0;
		};
/* End PBXFrameworksBuildPhase section */

/* Begin PBXGroup section */
		1CD64737237FA20700FB389E = {
			isa = PBXGroup;
			children = (
				1CD64742237FA20700FB389E /* Musical Journal */,
				1CD64759237FA20800FB389E /* Musical JournalTests */,
				1CD64764237FA20800FB389E /* Musical JournalUITests */,
				1CD64741237FA20700FB389E /* Products */,
			);
			sourceTree = "<group>";
		};
		1CD64741237FA20700FB389E /* Products */ = {
			isa = PBXGroup;
			children = (
				1CD64740237FA20700FB389E /* Musical Journal.app */,
				1CD64756237FA20800FB389E /* Musical JournalTests.xctest */,
				1CD64761237FA20800FB389E /* Musical JournalUITests.xctest */,
			);
			name = Products;
			sourceTree = "<group>";
		};
		1CD64742237FA20700FB389E /* Musical Journal */ = {
			isa = PBXGroup;
			children = (
				1CD64743237FA20700FB389E /* AppDelegate.swift */,
				1CD64745237FA20700FB389E /* SceneDelegate.swift */,
				1CD64747237FA20700FB389E /* ContentView.swift */,
				1CD64749237FA20800FB389E /* Assets.xcassets */,
				1CD6474E237FA20800FB389E /* LaunchScreen.storyboard */,
				1CD64751237FA20800FB389E /* Info.plist */,
				1CD6474B237FA20800FB389E /* Preview Content */,
			);
			path = "Musical Journal";
			sourceTree = "<group>";
		};
		1CD6474B237FA20800FB389E /* Preview Content */ = {
			isa = PBXGroup;
			children = (
				1CD6474C237FA20800FB389E /* Preview Assets.xcassets */,
			);
			path = "Preview Content";
			sourceTree = "<group>";
		};
		1CD64759237FA20800FB389E /* Musical JournalTests */ = {
			isa = PBXGroup;
			children = (
				1CD6475A237FA20800FB389E /* Musical_JournalTests.swift */,
				1CD6475C237FA20800FB389E /* Info.plist */,
			);
			path = "Musical JournalTests";
			sourceTree = "<group>";
		};
		1CD64764237FA20800FB389E /* Musical JournalUITests */ = {
			isa = PBXGroup;
			children = (
				1CD64765237FA20800FB389E /* Musical_JournalUITests.swift */,
				1CD64767237FA20800FB389E /* Info.plist */,
			);
			path = "Musical JournalUITests";
			sourceTree = "<group>";
		};
/* End PBXGroup section */

/* Begin PBXNativeTarget section */
		1CD6473F237FA20700FB389E /* Musical Journal */ = {
			isa = PBXNativeTarget;
			buildConfigurationList = 1CD6476A237FA20800FB389E /* Build configuration list for PBXNativeTarget "Musical Journal" */;
			buildPhases = (
				1CD6473C237FA20700FB389E /* Sources */,
				1CD6473D237FA20700FB389E /* Frameworks */,
				1CD6473E237FA20700FB389E /* Resources */,
			);
			buildRules = (
			);
			dependencies = (
			);
			name = "Musical Journal";
			productName = "Musical Journal";
			productReference = 1CD64740237FA20700FB389E /* Musical Journal.app */;
			productType = "com.apple.product-type.application";
		};
		1CD64755237FA20800FB389E /* Musical JournalTests */ = {
			isa = PBXNativeTarget;
			buildConfigurationList = 1CD6476D237FA20800FB389E /* Build configuration list for PBXNativeTarget "Musical JournalTests" */;
			buildPhases = (
				1CD64752237FA20800FB389E /* Sources */,
				1CD64753237FA20800FB389E /* Frameworks */,
				1CD64754237FA20800FB389E /* Resources */,
			);
			buildRules = (
			);
			dependencies = (
				1CD64758237FA20800FB389E /* PBXTargetDependency */,
			);
			name = "Musical JournalTests";
			productName = "Musical JournalTests";
			productReference = 1CD64756237FA20800FB389E /* Musical JournalTests.xctest */;
			productType = "com.apple.product-type.bundle.unit-test";
		};
		1CD64760237FA20800FB389E /* Musical JournalUITests */ = {
			isa = PBXNativeTarget;
			buildConfigurationList = 1CD64770237FA20800FB389E /* Build configuration list for PBXNativeTarget "Musical JournalUITests" */;
			buildPhases = (
				1CD6475D237FA20800FB389E /* Sources */,
				1CD6475E237FA20800FB389E /* Frameworks */,
				1CD6475F237FA20800FB389E /* Resources */,
			);
			buildRules = (
			);
			dependencies = (
				1CD64763237FA20800FB389E /* PBXTargetDependency */,
			);
			name = "Musical JournalUITests";
			productName = "Musical JournalUITests";
			productReference = 1CD64761237FA20800FB389E /* Musical JournalUITests.xctest */;
			productType = "com.apple.product-type.bundle.ui-testing";
		};
/* End PBXNativeTarget section */

/* Begin PBXProject section */
		1CD64738237FA20700FB389E /* Project object */ = {
			isa = PBXProject;
			attributes = {
				LastSwiftUpdateCheck = 1110;
				LastUpgradeCheck = 1110;
				ORGANIZATIONNAME = musicaljournal;
				TargetAttributes = {
					1CD6473F237FA20700FB389E = {
						CreatedOnToolsVersion = 11.1;
					};
					1CD64755237FA20800FB389E = {
						CreatedOnToolsVersion = 11.1;
						TestTargetID = 1CD6473F237FA20700FB389E;
					};
					1CD64760237FA20800FB389E = {
						CreatedOnToolsVersion = 11.1;
						TestTargetID = 1CD6473F237FA20700FB389E;
					};
				};
			};
			buildConfigurationList = 1CD6473B237FA20700FB389E /* Build configuration list for PBXProject "Musical Journal" */;
			compatibilityVersion = "Xcode 9.3";
			developmentRegion = en;
			hasScannedForEncodings = 0;
			knownRegions = (
				en,
				Base,
			);
			mainGroup = 1CD64737237FA20700FB389E;
			productRefGroup = 1CD64741237FA20700FB389E /* Products */;
			projectDirPath = "";
			projectRoot = "";
			targets = (
				1CD6473F237FA20700FB389E /* Musical Journal */,
				1CD64755237FA20800FB389E /* Musical JournalTests */,
				1CD64760237FA20800FB389E /* Musical JournalUITests */,
			);
		};
/* End PBXProject section */

/* Begin PBXResourcesBuildPhase section */
		1CD6473E237FA20700FB389E /* Resources */ = {
			isa = PBXResourcesBuildPhase;
			buildActionMask = 2147483647;
			files = (
				1CD64750237FA20800FB389E /* LaunchScreen.storyboard in Resources */,
				1CD6474D237FA20800FB389E /* Preview Assets.xcassets in Resources */,
				1CD6474A237FA20800FB389E /* Assets.xcassets in Resources */,
			);
			runOnlyForDeploymentPostprocessing = 0;
		};
		1CD64754237FA20800FB389E /* Resources */ = {
			isa = PBXResourcesBuildPhase;
			buildActionMask = 2147483647;
			files = (
			);
			runOnlyForDeploymentPostprocessing = 0;
		};
		1CD6475F237FA20800FB389E /* Resources */ = {
			isa = PBXResourcesBuildPhase;
			buildActionMask = 2147483647;
			files = (
			);
			runOnlyForDeploymentPostprocessing = 0;
		};
/* End PBXResourcesBuildPhase section */

/* Begin PBXSourcesBuildPhase section */
		1CD6473C237FA20700FB389E /* Sources */ = {
			isa = PBXSourcesBuildPhase;
			buildActionMask = 2147483647;
			files = (
				1CD64744237FA20700FB389E /* AppDelegate.swift in Sources */,
				1CD64746237FA20700FB389E /* SceneDelegate.swift in Sources */,
				1CD64748237FA20700FB389E /* ContentView.swift in Sources */,
			);
			runOnlyForDeploymentPostprocessing = 0;
		};
		1CD64752237FA20800FB389E /* Sources */ = {
			isa = PBXSourcesBuildPhase;
			buildActionMask = 2147483647;
			files = (
				1CD6475B237FA20800FB389E /* Musical_JournalTests.swift in Sources */,
			);
			runOnlyForDeploymentPostprocessing = 0;
		};
		1CD6475D237FA20800FB389E /* Sources */ = {
			isa = PBXSourcesBuildPhase;
			buildActionMask = 2147483647;
			files = (
				1CD64766237FA20800FB389E /* Musical_JournalUITests.swift in Sources */,
			);
			runOnlyForDeploymentPostprocessing = 0;
		};
/* End PBXSourcesBuildPhase section */

/* Begin PBXTargetDependency section */
		1CD64758237FA20800FB389E /* PBXTargetDependency */ = {
			isa = PBXTargetDependency;
			target = 1CD6473F237FA20700FB389E /* Musical Journal */;
			targetProxy = 1CD64757237FA20800FB389E /* PBXContainerItemProxy */;
		};
		1CD64763237FA20800FB389E /* PBXTargetDependency */ = {
			isa = PBXTargetDependency;
			target = 1CD6473F237FA20700FB389E /* Musical Journal */;
			targetProxy = 1CD64762237FA20800FB389E /* PBXContainerItemProxy */;
		};
/* End PBXTargetDependency section */

/* Begin PBXVariantGroup section */
		1CD6474E237FA20800FB389E /* LaunchScreen.storyboard */ = {
			isa = PBXVariantGroup;
			children = (
				1CD6474F237FA20800FB389E /* Base */,
			);
			name = LaunchScreen.storyboard;
			sourceTree = "<group>";
		};
/* End PBXVariantGroup section */

/* Begin XCBuildConfiguration section */
		1CD64768237FA20800FB389E /* Debug */ = {
			isa = XCBuildConfiguration;
			buildSettings = {
				ALWAYS_SEARCH_USER_PATHS = NO;
				CLANG_ANALYZER_NONNULL = YES;
				CLANG_ANALYZER_NUMBER_OBJECT_CONVERSION = YES_AGGRESSIVE;
				CLANG_CXX_LANGUAGE_STANDARD = "gnu++14";
				CLANG_CXX_LIBRARY = "libc++";
				CLANG_ENABLE_MODULES = YES;
				CLANG_ENABLE_OBJC_ARC = YES;
				CLANG_ENABLE_OBJC_WEAK = YES;
				CLANG_WARN_BLOCK_CAPTURE_AUTORELEASING = YES;
				CLANG_WARN_BOOL_CONVERSION = YES;
				CLANG_WARN_COMMA = YES;
				CLANG_WARN_CONSTANT_CONVERSION = YES;
				CLANG_WARN_DEPRECATED_OBJC_IMPLEMENTATIONS = YES;
				CLANG_WARN_DIRECT_OBJC_ISA_USAGE = YES_ERROR;
				CLANG_WARN_DOCUMENTATION_COMMENTS = YES;
				CLANG_WARN_EMPTY_BODY = YES;
				CLANG_WARN_ENUM_CONVERSION = YES;
				CLANG_WARN_INFINITE_RECURSION = YES;
				CLANG_WARN_INT_CONVERSION = YES;
				CLANG_WARN_NON_LITERAL_NULL_CONVERSION = YES;
				CLANG_WARN_OBJC_IMPLICIT_RETAIN_SELF = YES;
				CLANG_WARN_OBJC_LITERAL_CONVERSION = YES;
				CLANG_WARN_OBJC_ROOT_CLASS = YES_ERROR;
				CLANG_WARN_RANGE_LOOP_ANALYSIS = YES;
				CLANG_WARN_STRICT_PROTOTYPES = YES;
				CLANG_WARN_SUSPICIOUS_MOVE = YES;
				CLANG_WARN_UNGUARDED_AVAILABILITY = YES_AGGRESSIVE;
				CLANG_WARN_UNREACHABLE_CODE = YES;
				CLANG_WARN__DUPLICATE_METHOD_MATCH = YES;
				COPY_PHASE_STRIP = NO;
				DEBUG_INFORMATION_FORMAT = dwarf;
				ENABLE_STRICT_OBJC_MSGSEND = YES;
				ENABLE_TESTABILITY = YES;
				GCC_C_LANGUAGE_STANDARD = gnu11;
				GCC_DYNAMIC_NO_PIC = NO;
				GCC_NO_COMMON_BLOCKS = YES;
				GCC_OPTIMIZATION_LEVEL = 0;
				GCC_PREPROCESSOR_DEFINITIONS = (
					"DEBUG=1",
					"$(inherited)",
				);
				GCC_WARN_64_TO_32_BIT_CONVERSION = YES;
				GCC_WARN_ABOUT_RETURN_TYPE = YES_ERROR;
				GCC_WARN_UNDECLARED_SELECTOR = YES;
				GCC_WARN_UNINITIALIZED_AUTOS = YES_AGGRESSIVE;
				GCC_WARN_UNUSED_FUNCTION = YES;
				GCC_WARN_UNUSED_VARIABLE = YES;
				IPHONEOS_DEPLOYMENT_TARGET = 13.1;
				MTL_ENABLE_DEBUG_INFO = INCLUDE_SOURCE;
				MTL_FAST_MATH = YES;
				ONLY_ACTIVE_ARCH = YES;
				SDKROOT = iphoneos;
				SWIFT_ACTIVE_COMPILATION_CONDITIONS = DEBUG;
				SWIFT_OPTIMIZATION_LEVEL = "-Onone";
			};
			name = Debug;
		};
		1CD64769237FA20800FB389E /* Release */ = {
			isa = XCBuildConfiguration;
			buildSettings = {
				ALWAYS_SEARCH_USER_PATHS = NO;
				CLANG_ANALYZER_NONNULL = YES;
				CLANG_ANALYZER_NUMBER_OBJECT_CONVERSION = YES_AGGRESSIVE;
				CLANG_CXX_LANGUAGE_STANDARD = "gnu++14";
				CLANG_CXX_LIBRARY = "libc++";
				CLANG_ENABLE_MODULES = YES;
				CLANG_ENABLE_OBJC_ARC = YES;
				CLANG_ENABLE_OBJC_WEAK = YES;
				CLANG_WARN_BLOCK_CAPTURE_AUTORELEASING = YES;
				CLANG_WARN_BOOL_CONVERSION = YES;
				CLANG_WARN_COMMA = YES;
				CLANG_WARN_CONSTANT_CONVERSION = YES;
				CLANG_WARN_DEPRECATED_OBJC_IMPLEMENTATIONS = YES;
				CLANG_WARN_DIRECT_OBJC_ISA_USAGE = YES_ERROR;
				CLANG_WARN_DOCUMENTATION_COMMENTS = YES;
				CLANG_WARN_EMPTY_BODY = YES;
				CLANG_WARN_ENUM_CONVERSION = YES;
				CLANG_WARN_INFINITE_RECURSION = YES;
				CLANG_WARN_INT_CONVERSION = YES;
				CLANG_WARN_NON_LITERAL_NULL_CONVERSION = YES;
				CLANG_WARN_OBJC_IMPLICIT_RETAIN_SELF = YES;
				CLANG_WARN_OBJC_LITERAL_CONVERSION = YES;
				CLANG_WARN_OBJC_ROOT_CLASS = YES_ERROR;
				CLANG_WARN_RANGE_LOOP_ANALYSIS = YES;
				CLANG_WARN_STRICT_PROTOTYPES = YES;
				CLANG_WARN_SUSPICIOUS_MOVE = YES;
				CLANG_WARN_UNGUARDED_AVAILABILITY = YES_AGGRESSIVE;
				CLANG_WARN_UNREACHABLE_CODE = YES;
				CLANG_WARN__DUPLICATE_METHOD_MATCH = YES;
				COPY_PHASE_STRIP = NO;
				DEBUG_INFORMATION_FORMAT = "dwarf-with-dsym";
				ENABLE_NS_ASSERTIONS = NO;
				ENABLE_STRICT_OBJC_MSGSEND = YES;
				GCC_C_LANGUAGE_STANDARD = gnu11;
				GCC_NO_COMMON_BLOCKS = YES;
				GCC_WARN_64_TO_32_BIT_CONVERSION = YES;
				GCC_WARN_ABOUT_RETURN_TYPE = YES_ERROR;
				GCC_WARN_UNDECLARED_SELECTOR = YES;
				GCC_WARN_UNINITIALIZED_AUTOS = YES_AGGRESSIVE;
				GCC_WARN_UNUSED_FUNCTION = YES;
				GCC_WARN_UNUSED_VARIABLE = YES;
				IPHONEOS_DEPLOYMENT_TARGET = 13.1;
				MTL_ENABLE_DEBUG_INFO = NO;
				MTL_FAST_MATH = YES;
				SDKROOT = iphoneos;
				SWIFT_COMPILATION_MODE = wholemodule;
				SWIFT_OPTIMIZATION_LEVEL = "-O";
				VALIDATE_PRODUCT = YES;
			};
			name = Release;
		};
		1CD6476B237FA20800FB389E /* Debug */ = {
			isa = XCBuildConfiguration;
			buildSettings = {
				ASSETCATALOG_COMPILER_APPICON_NAME = AppIcon;
				CODE_SIGN_STYLE = Automatic;
				DEVELOPMENT_ASSET_PATHS = "\"Musical Journal/Preview Content\"";
				ENABLE_PREVIEWS = YES;
				INFOPLIST_FILE = "Musical Journal/Info.plist";
				LD_RUNPATH_SEARCH_PATHS = (
					"$(inherited)",
					"@executable_path/Frameworks",
				);
				PRODUCT_BUNDLE_IDENTIFIER = "md.Musical-Journal";
				PRODUCT_NAME = "$(TARGET_NAME)";
				SWIFT_VERSION = 5.0;
				TARGETED_DEVICE_FAMILY = "1,2";
			};
			name = Debug;
		};
		1CD6476C237FA20800FB389E /* Release */ = {
			isa = XCBuildConfiguration;
			buildSettings = {
				ASSETCATALOG_COMPILER_APPICON_NAME = AppIcon;
				CODE_SIGN_STYLE = Automatic;
				DEVELOPMENT_ASSET_PATHS = "\"Musical Journal/Preview Content\"";
				ENABLE_PREVIEWS = YES;
				INFOPLIST_FILE = "Musical Journal/Info.plist";
				LD_RUNPATH_SEARCH_PATHS = (
					"$(inherited)",
					"@executable_path/Frameworks",
				);
				PRODUCT_BUNDLE_IDENTIFIER = "md.Musical-Journal";
				PRODUCT_NAME = "$(TARGET_NAME)";
				SWIFT_VERSION = 5.0;
				TARGETED_DEVICE_FAMILY = "1,2";
			};
			name = Release;
		};
		1CD6476E237FA20800FB389E /* Debug */ = {
			isa = XCBuildConfiguration;
			buildSettings = {
				ALWAYS_EMBED_SWIFT_STANDARD_LIBRARIES = YES;
				BUNDLE_LOADER = "$(TEST_HOST)";
				CODE_SIGN_STYLE = Automatic;
				INFOPLIST_FILE = "Musical JournalTests/Info.plist";
				IPHONEOS_DEPLOYMENT_TARGET = 13.1;
				LD_RUNPATH_SEARCH_PATHS = (
					"$(inherited)",
					"@executable_path/Frameworks",
					"@loader_path/Frameworks",
				);
				PRODUCT_BUNDLE_IDENTIFIER = "md.Musical-JournalTests";
				PRODUCT_NAME = "$(TARGET_NAME)";
				SWIFT_VERSION = 5.0;
				TARGETED_DEVICE_FAMILY = "1,2";
				TEST_HOST = "$(BUILT_PRODUCTS_DIR)/Musical Journal.app/Musical Journal";
			};
			name = Debug;
		};
		1CD6476F237FA20800FB389E /* Release */ = {
			isa = XCBuildConfiguration;
			buildSettings = {
				ALWAYS_EMBED_SWIFT_STANDARD_LIBRARIES = YES;
				BUNDLE_LOADER = "$(TEST_HOST)";
				CODE_SIGN_STYLE = Automatic;
				INFOPLIST_FILE = "Musical JournalTests/Info.plist";
				IPHONEOS_DEPLOYMENT_TARGET = 13.1;
				LD_RUNPATH_SEARCH_PATHS = (
					"$(inherited)",
					"@executable_path/Frameworks",
					"@loader_path/Frameworks",
				);
				PRODUCT_BUNDLE_IDENTIFIER = "md.Musical-JournalTests";
				PRODUCT_NAME = "$(TARGET_NAME)";
				SWIFT_VERSION = 5.0;
				TARGETED_DEVICE_FAMILY = "1,2";
				TEST_HOST = "$(BUILT_PRODUCTS_DIR)/Musical Journal.app/Musical Journal";
			};
			name = Release;
		};
		1CD64771237FA20800FB389E /* Debug */ = {
			isa = XCBuildConfiguration;
			buildSettings = {
				ALWAYS_EMBED_SWIFT_STANDARD_LIBRARIES = YES;
				CODE_SIGN_STYLE = Automatic;
				INFOPLIST_FILE = "Musical JournalUITests/Info.plist";
				LD_RUNPATH_SEARCH_PATHS = (
					"$(inherited)",
					"@executable_path/Frameworks",
					"@loader_path/Frameworks",
				);
				PRODUCT_BUNDLE_IDENTIFIER = "md.Musical-JournalUITests";
				PRODUCT_NAME = "$(TARGET_NAME)";
				SWIFT_VERSION = 5.0;
				TARGETED_DEVICE_FAMILY = "1,2";
				TEST_TARGET_NAME = "Musical Journal";
			};
			name = Debug;
		};
		1CD64772237FA20800FB389E /* Release */ = {
			isa = XCBuildConfiguration;
			buildSettings = {
				ALWAYS_EMBED_SWIFT_STANDARD_LIBRARIES = YES;
				CODE_SIGN_STYLE = Automatic;
				INFOPLIST_FILE = "Musical JournalUITests/Info.plist";
				LD_RUNPATH_SEARCH_PATHS = (
					"$(inherited)",
					"@executable_path/Frameworks",
					"@loader_path/Frameworks",
				);
				PRODUCT_BUNDLE_IDENTIFIER = "md.Musical-JournalUITests";
				PRODUCT_NAME = "$(TARGET_NAME)";
				SWIFT_VERSION = 5.0;
				TARGETED_DEVICE_FAMILY = "1,2";
				TEST_TARGET_NAME = "Musical Journal";
			};
			name = Release;
		};
/* End XCBuildConfiguration section */

/* Begin XCConfigurationList section */
		1CD6473B237FA20700FB389E /* Build configuration list for PBXProject "Musical Journal" */ = {
			isa = XCConfigurationList;
			buildConfigurations = (
				1CD64768237FA20800FB389E /* Debug */,
				1CD64769237FA20800FB389E /* Release */,
			);
			defaultConfigurationIsVisible = 0;
			defaultConfigurationName = Release;
		};
		1CD6476A237FA20800FB389E /* Build configuration list for PBXNativeTarget "Musical Journal" */ = {
			isa = XCConfigurationList;
			buildConfigurations = (
				1CD6476B237FA20800FB389E /* Debug */,
				1CD6476C237FA20800FB389E /* Release */,
			);
			defaultConfigurationIsVisible = 0;
			defaultConfigurationName = Release;
		};
		1CD6476D237FA20800FB389E /* Build configuration list for PBXNativeTarget "Musical JournalTests" */ = {
			isa = XCConfigurationList;
			buildConfigurations = (
				1CD6476E237FA20800FB389E /* Debug */,
				1CD6476F237FA20800FB389E /* Release */,
			);
			defaultConfigurationIsVisible = 0;
			defaultConfigurationName = Release;
		};
		1CD64770237FA20800FB389E /* Build configuration list for PBXNativeTarget "Musical JournalUITests" */ = {
			isa = XCConfigurationList;
			buildConfigurations = (
				1CD64771237FA20800FB389E /* Debug */,
				1CD64772237FA20800FB389E /* Release */,
			);
			defaultConfigurationIsVisible = 0;
			defaultConfigurationName = Release;
		};
/* End XCConfigurationList section */
	};
	rootObject = 1CD64738237FA20700FB389E /* Project object */;
}
